// !$*UTF8*$!
{
	archiveVersion = 1;
	classes = {
	};
	objectVersion = 55;
	objects = {

/* Begin PBXBuildFile section */
		CFD05A2026FC2D8A007C1A04 /* AppDelegate.swift in Sources */ = {isa = PBXBuildFile; fileRef = CFD05A1F26FC2D8A007C1A04 /* AppDelegate.swift */; };
		CFD05A2226FC2D8A007C1A04 /* SceneDelegate.swift in Sources */ = {isa = PBXBuildFile; fileRef = CFD05A2126FC2D8A007C1A04 /* SceneDelegate.swift */; };
		CFD05A2426FC2D8A007C1A04 /* ViewController.swift in Sources */ = {isa = PBXBuildFile; fileRef = CFD05A2326FC2D8A007C1A04 /* ViewController.swift */; };
		CFD05A2726FC2D8A007C1A04 /* Main.storyboard in Resources */ = {isa = PBXBuildFile; fileRef = CFD05A2526FC2D8A007C1A04 /* Main.storyboard */; };
		CFD05A2926FC2D8C007C1A04 /* Assets.xcassets in Resources */ = {isa = PBXBuildFile; fileRef = CFD05A2826FC2D8C007C1A04 /* Assets.xcassets */; };
		CFD05A2C26FC2D8C007C1A04 /* LaunchScreen.storyboard in Resources */ = {isa = PBXBuildFile; fileRef = CFD05A2A26FC2D8C007C1A04 /* LaunchScreen.storyboard */; };
		CFD05A3726FC2D8C007C1A04 /* sidemenuintroTests.swift in Sources */ = {isa = PBXBuildFile; fileRef = CFD05A3626FC2D8C007C1A04 /* sidemenuintroTests.swift */; };
		CFD05A4126FC2D8C007C1A04 /* sidemenuintroUITests.swift in Sources */ = {isa = PBXBuildFile; fileRef = CFD05A4026FC2D8C007C1A04 /* sidemenuintroUITests.swift */; };
		CFD05A4326FC2D8C007C1A04 /* sidemenuintroUITestsLaunchTests.swift in Sources */ = {isa = PBXBuildFile; fileRef = CFD05A4226FC2D8C007C1A04 /* sidemenuintroUITestsLaunchTests.swift */; };
/* End PBXBuildFile section */

/* Begin PBXContainerItemProxy section */
		CFD05A3326FC2D8C007C1A04 /* PBXContainerItemProxy */ = {
			isa = PBXContainerItemProxy;
			containerPortal = CFD05A1426FC2D8A007C1A04 /* Project object */;
			proxyType = 1;
			remoteGlobalIDString = CFD05A1B26FC2D8A007C1A04;
			remoteInfo = sidemenuintro;
		};
		CFD05A3D26FC2D8C007C1A04 /* PBXContainerItemProxy */ = {
			isa = PBXContainerItemProxy;
			containerPortal = CFD05A1426FC2D8A007C1A04 /* Project object */;
			proxyType = 1;
			remoteGlobalIDString = CFD05A1B26FC2D8A007C1A04;
			remoteInfo = sidemenuintro;
		};
/* End PBXContainerItemProxy section */

/* Begin PBXFileReference section */
		CFD05A1C26FC2D8A007C1A04 /* sidemenuintro.app */ = {isa = PBXFileReference; explicitFileType = wrapper.application; includeInIndex = 0; path = sidemenuintro.app; sourceTree = BUILT_PRODUCTS_DIR; };
		CFD05A1F26FC2D8A007C1A04 /* AppDelegate.swift */ = {isa = PBXFileReference; lastKnownFileType = sourcecode.swift; path = AppDelegate.swift; sourceTree = "<group>"; };
		CFD05A2126FC2D8A007C1A04 /* SceneDelegate.swift */ = {isa = PBXFileReference; lastKnownFileType = sourcecode.swift; path = SceneDelegate.swift; sourceTree = "<group>"; };
		CFD05A2326FC2D8A007C1A04 /* ViewController.swift */ = {isa = PBXFileReference; lastKnownFileType = sourcecode.swift; path = ViewController.swift; sourceTree = "<group>"; };
		CFD05A2626FC2D8A007C1A04 /* Base */ = {isa = PBXFileReference; lastKnownFileType = file.storyboard; name = Base; path = Base.lproj/Main.storyboard; sourceTree = "<group>"; };
		CFD05A2826FC2D8C007C1A04 /* Assets.xcassets */ = {isa = PBXFileReference; lastKnownFileType = folder.assetcatalog; path = Assets.xcassets; sourceTree = "<group>"; };
		CFD05A2B26FC2D8C007C1A04 /* Base */ = {isa = PBXFileReference; lastKnownFileType = file.storyboard; name = Base; path = Base.lproj/LaunchScreen.storyboard; sourceTree = "<group>"; };
		CFD05A2D26FC2D8C007C1A04 /* Info.plist */ = {isa = PBXFileReference; lastKnownFileType = text.plist.xml; path = Info.plist; sourceTree = "<group>"; };
		CFD05A3226FC2D8C007C1A04 /* sidemenuintroTests.xctest */ = {isa = PBXFileReference; explicitFileType = wrapper.cfbundle; includeInIndex = 0; path = sidemenuintroTests.xctest; sourceTree = BUILT_PRODUCTS_DIR; };
		CFD05A3626FC2D8C007C1A04 /* sidemenuintroTests.swift */ = {isa = PBXFileReference; lastKnownFileType = sourcecode.swift; path = sidemenuintroTests.swift; sourceTree = "<group>"; };
		CFD05A3C26FC2D8C007C1A04 /* sidemenuintroUITests.xctest */ = {isa = PBXFileReference; explicitFileType = wrapper.cfbundle; includeInIndex = 0; path = sidemenuintroUITests.xctest; sourceTree = BUILT_PRODUCTS_DIR; };
		CFD05A4026FC2D8C007C1A04 /* sidemenuintroUITests.swift */ = {isa = PBXFileReference; lastKnownFileType = sourcecode.swift; path = sidemenuintroUITests.swift; sourceTree = "<group>"; };
		CFD05A4226FC2D8C007C1A04 /* sidemenuintroUITestsLaunchTests.swift */ = {isa = PBXFileReference; lastKnownFileType = sourcecode.swift; path = sidemenuintroUITestsLaunchTests.swift; sourceTree = "<group>"; };
/* End PBXFileReference section */

/* Begin PBXFrameworksBuildPhase section */
		CFD05A1926FC2D8A007C1A04 /* Frameworks */ = {
			isa = PBXFrameworksBuildPhase;
			buildActionMask = 2147483647;
			files = (
			);
			runOnlyForDeploymentPostprocessing = 0;
		};
		CFD05A2F26FC2D8C007C1A04 /* Frameworks */ = {
			isa = PBXFrameworksBuildPhase;
			buildActionMask = 2147483647;
			files = (
			);
			runOnlyForDeploymentPostprocessing = 0;
		};
		CFD05A3926FC2D8C007C1A04 /* Frameworks */ = {
			isa = PBXFrameworksBuildPhase;
			buildActionMask = 2147483647;
			files = (
			);
			runOnlyForDeploymentPostprocessing = 0;
		};
/* End PBXFrameworksBuildPhase section */

/* Begin PBXGroup section */
		CFD05A1326FC2D8A007C1A04 = {
			isa = PBXGroup;
			children = (
				CFD05A1E26FC2D8A007C1A04 /* sidemenuintro */,
				CFD05A3526FC2D8C007C1A04 /* sidemenuintroTests */,
				CFD05A3F26FC2D8C007C1A04 /* sidemenuintroUITests */,
				CFD05A1D26FC2D8A007C1A04 /* Products */,
			);
			sourceTree = "<group>";
		};
		CFD05A1D26FC2D8A007C1A04 /* Products */ = {
			isa = PBXGroup;
			children = (
				CFD05A1C26FC2D8A007C1A04 /* sidemenuintro.app */,
				CFD05A3226FC2D8C007C1A04 /* sidemenuintroTests.xctest */,
				CFD05A3C26FC2D8C007C1A04 /* sidemenuintroUITests.xctest */,
			);
			name = Products;
			sourceTree = "<group>";
		};
		CFD05A1E26FC2D8A007C1A04 /* sidemenuintro */ = {
			isa = PBXGroup;
			children = (
				CFD05A1F26FC2D8A007C1A04 /* AppDelegate.swift */,
				CFD05A2126FC2D8A007C1A04 /* SceneDelegate.swift */,
				CFD05A2326FC2D8A007C1A04 /* ViewController.swift */,
				CFD05A2526FC2D8A007C1A04 /* Main.storyboard */,
				CFD05A2826FC2D8C007C1A04 /* Assets.xcassets */,
				CFD05A2A26FC2D8C007C1A04 /* LaunchScreen.storyboard */,
				CFD05A2D26FC2D8C007C1A04 /* Info.plist */,
			);
			path = sidemenuintro;
			sourceTree = "<group>";
		};
		CFD05A3526FC2D8C007C1A04 /* sidemenuintroTests */ = {
			isa = PBXGroup;
			children = (
				CFD05A3626FC2D8C007C1A04 /* sidemenuintroTests.swift */,
			);
			path = sidemenuintroTests;
			sourceTree = "<group>";
		};
		CFD05A3F26FC2D8C007C1A04 /* sidemenuintroUITests */ = {
			isa = PBXGroup;
			children = (
				CFD05A4026FC2D8C007C1A04 /* sidemenuintroUITests.swift */,
				CFD05A4226FC2D8C007C1A04 /* sidemenuintroUITestsLaunchTests.swift */,
			);
			path = sidemenuintroUITests;
			sourceTree = "<group>";
		};
/* End PBXGroup section */

/* Begin PBXNativeTarget section */
		CFD05A1B26FC2D8A007C1A04 /* sidemenuintro */ = {
			isa = PBXNativeTarget;
			buildConfigurationList = CFD05A4626FC2D8C007C1A04 /* Build configuration list for PBXNativeTarget "sidemenuintro" */;
			buildPhases = (
				CFD05A1826FC2D8A007C1A04 /* Sources */,
				CFD05A1926FC2D8A007C1A04 /* Frameworks */,
				CFD05A1A26FC2D8A007C1A04 /* Resources */,
			);
			buildRules = (
			);
			dependencies = (
			);
			name = sidemenuintro;
			productName = sidemenuintro;
			productReference = CFD05A1C26FC2D8A007C1A04 /* sidemenuintro.app */;
			productType = "com.apple.product-type.application";
		};
		CFD05A3126FC2D8C007C1A04 /* sidemenuintroTests */ = {
			isa = PBXNativeTarget;
			buildConfigurationList = CFD05A4926FC2D8C007C1A04 /* Build configuration list for PBXNativeTarget "sidemenuintroTests" */;
			buildPhases = (
				CFD05A2E26FC2D8C007C1A04 /* Sources */,
				CFD05A2F26FC2D8C007C1A04 /* Frameworks */,
				CFD05A3026FC2D8C007C1A04 /* Resources */,
			);
			buildRules = (
			);
			dependencies = (
				CFD05A3426FC2D8C007C1A04 /* PBXTargetDependency */,
			);
			name = sidemenuintroTests;
			productName = sidemenuintroTests;
			productReference = CFD05A3226FC2D8C007C1A04 /* sidemenuintroTests.xctest */;
			productType = "com.apple.product-type.bundle.unit-test";
		};
		CFD05A3B26FC2D8C007C1A04 /* sidemenuintroUITests */ = {
			isa = PBXNativeTarget;
			buildConfigurationList = CFD05A4C26FC2D8C007C1A04 /* Build configuration list for PBXNativeTarget "sidemenuintroUITests" */;
			buildPhases = (
				CFD05A3826FC2D8C007C1A04 /* Sources */,
				CFD05A3926FC2D8C007C1A04 /* Frameworks */,
				CFD05A3A26FC2D8C007C1A04 /* Resources */,
			);
			buildRules = (
			);
			dependencies = (
				CFD05A3E26FC2D8C007C1A04 /* PBXTargetDependency */,
			);
			name = sidemenuintroUITests;
			productName = sidemenuintroUITests;
			productReference = CFD05A3C26FC2D8C007C1A04 /* sidemenuintroUITests.xctest */;
			productType = "com.apple.product-type.bundle.ui-testing";
		};
/* End PBXNativeTarget section */

/* Begin PBXProject section */
		CFD05A1426FC2D8A007C1A04 /* Project object */ = {
			isa = PBXProject;
			attributes = {
				BuildIndependentTargetsInParallel = 1;
				LastSwiftUpdateCheck = 1300;
				LastUpgradeCheck = 1300;
				TargetAttributes = {
					CFD05A1B26FC2D8A007C1A04 = {
						CreatedOnToolsVersion = 13.0;
					};
					CFD05A3126FC2D8C007C1A04 = {
						CreatedOnToolsVersion = 13.0;
						TestTargetID = CFD05A1B26FC2D8A007C1A04;
					};
					CFD05A3B26FC2D8C007C1A04 = {
						CreatedOnToolsVersion = 13.0;
						TestTargetID = CFD05A1B26FC2D8A007C1A04;
					};
				};
			};
			buildConfigurationList = CFD05A1726FC2D8A007C1A04 /* Build configuration list for PBXProject "sidemenuintro" */;
			compatibilityVersion = "Xcode 13.0";
			developmentRegion = en;
			hasScannedForEncodings = 0;
			knownRegions = (
				en,
				Base,
			);
			mainGroup = CFD05A1326FC2D8A007C1A04;
			productRefGroup = CFD05A1D26FC2D8A007C1A04 /* Products */;
			projectDirPath = "";
			projectRoot = "";
			targets = (
				CFD05A1B26FC2D8A007C1A04 /* sidemenuintro */,
				CFD05A3126FC2D8C007C1A04 /* sidemenuintroTests */,
				CFD05A3B26FC2D8C007C1A04 /* sidemenuintroUITests */,
			);
		};
/* End PBXProject section */

/* Begin PBXResourcesBuildPhase section */
		CFD05A1A26FC2D8A007C1A04 /* Resources */ = {
			isa = PBXResourcesBuildPhase;
			buildActionMask = 2147483647;
			files = (
				CFD05A2C26FC2D8C007C1A04 /* LaunchScreen.storyboard in Resources */,
				CFD05A2926FC2D8C007C1A04 /* Assets.xcassets in Resources */,
				CFD05A2726FC2D8A007C1A04 /* Main.storyboard in Resources */,
			);
			runOnlyForDeploymentPostprocessing = 0;
		};
		CFD05A3026FC2D8C007C1A04 /* Resources */ = {
			isa = PBXResourcesBuildPhase;
			buildActionMask = 2147483647;
			files = (
			);
			runOnlyForDeploymentPostprocessing = 0;
		};
		CFD05A3A26FC2D8C007C1A04 /* Resources */ = {
			isa = PBXResourcesBuildPhase;
			buildActionMask = 2147483647;
			files = (
			);
			runOnlyForDeploymentPostprocessing = 0;
		};
/* End PBXResourcesBuildPhase section */

/* Begin PBXSourcesBuildPhase section */
		CFD05A1826FC2D8A007C1A04 /* Sources */ = {
			isa = PBXSourcesBuildPhase;
			buildActionMask = 2147483647;
			files = (
				CFD05A2426FC2D8A007C1A04 /* ViewController.swift in Sources */,
				CFD05A2026FC2D8A007C1A04 /* AppDelegate.swift in Sources */,
				CFD05A2226FC2D8A007C1A04 /* SceneDelegate.swift in Sources */,
			);
			runOnlyForDeploymentPostprocessing = 0;
		};
		CFD05A2E26FC2D8C007C1A04 /* Sources */ = {
			isa = PBXSourcesBuildPhase;
			buildActionMask = 2147483647;
			files = (
				CFD05A3726FC2D8C007C1A04 /* sidemenuintroTests.swift in Sources */,
			);
			runOnlyForDeploymentPostprocessing = 0;
		};
		CFD05A3826FC2D8C007C1A04 /* Sources */ = {
			isa = PBXSourcesBuildPhase;
			buildActionMask = 2147483647;
			files = (
				CFD05A4126FC2D8C007C1A04 /* sidemenuintroUITests.swift in Sources */,
				CFD05A4326FC2D8C007C1A04 /* sidemenuintroUITestsLaunchTests.swift in Sources */,
			);
			runOnlyForDeploymentPostprocessing = 0;
		};
/* End PBXSourcesBuildPhase section */

/* Begin PBXTargetDependency section */
		CFD05A3426FC2D8C007C1A04 /* PBXTargetDependency */ = {
			isa = PBXTargetDependency;
			target = CFD05A1B26FC2D8A007C1A04 /* sidemenuintro */;
			targetProxy = CFD05A3326FC2D8C007C1A04 /* PBXContainerItemProxy */;
		};
		CFD05A3E26FC2D8C007C1A04 /* PBXTargetDependency */ = {
			isa = PBXTargetDependency;
			target = CFD05A1B26FC2D8A007C1A04 /* sidemenuintro */;
			targetProxy = CFD05A3D26FC2D8C007C1A04 /* PBXContainerItemProxy */;
		};
/* End PBXTargetDependency section */

/* Begin PBXVariantGroup section */
		CFD05A2526FC2D8A007C1A04 /* Main.storyboard */ = {
			isa = PBXVariantGroup;
			children = (
				CFD05A2626FC2D8A007C1A04 /* Base */,
			);
			name = Main.storyboard;
			sourceTree = "<group>";
		};
		CFD05A2A26FC2D8C007C1A04 /* LaunchScreen.storyboard */ = {
			isa = PBXVariantGroup;
			children = (
				CFD05A2B26FC2D8C007C1A04 /* Base */,
			);
			name = LaunchScreen.storyboard;
			sourceTree = "<group>";
		};
/* End PBXVariantGroup section */

/* Begin XCBuildConfiguration section */
		CFD05A4426FC2D8C007C1A04 /* Debug */ = {
			isa = XCBuildConfiguration;
			buildSettings = {
				ALWAYS_SEARCH_USER_PATHS = NO;
				CLANG_ANALYZER_NONNULL = YES;
				CLANG_ANALYZER_NUMBER_OBJECT_CONVERSION = YES_AGGRESSIVE;
				CLANG_CXX_LANGUAGE_STANDARD = "gnu++17";
				CLANG_CXX_LIBRARY = "libc++";
				CLANG_ENABLE_MODULES = YES;
				CLANG_ENABLE_OBJC_ARC = YES;
				CLANG_ENABLE_OBJC_WEAK = YES;
				CLANG_WARN_BLOCK_CAPTURE_AUTORELEASING = YES;
				CLANG_WARN_BOOL_CONVERSION = YES;
				CLANG_WARN_COMMA = YES;
				CLANG_WARN_CONSTANT_CONVERSION = YES;
				CLANG_WARN_DEPRECATED_OBJC_IMPLEMENTATIONS = YES;
				CLANG_WARN_DIRECT_OBJC_ISA_USAGE = YES_ERROR;
				CLANG_WARN_DOCUMENTATION_COMMENTS = YES;
				CLANG_WARN_EMPTY_BODY = YES;
				CLANG_WARN_ENUM_CONVERSION = YES;
				CLANG_WARN_INFINITE_RECURSION = YES;
				CLANG_WARN_INT_CONVERSION = YES;
				CLANG_WARN_NON_LITERAL_NULL_CONVERSION = YES;
				CLANG_WARN_OBJC_IMPLICIT_RETAIN_SELF = YES;
				CLANG_WARN_OBJC_LITERAL_CONVERSION = YES;
				CLANG_WARN_OBJC_ROOT_CLASS = YES_ERROR;
				CLANG_WARN_QUOTED_INCLUDE_IN_FRAMEWORK_HEADER = YES;
				CLANG_WARN_RANGE_LOOP_ANALYSIS = YES;
				CLANG_WARN_STRICT_PROTOTYPES = YES;
				CLANG_WARN_SUSPICIOUS_MOVE = YES;
				CLANG_WARN_UNGUARDED_AVAILABILITY = YES_AGGRESSIVE;
				CLANG_WARN_UNREACHABLE_CODE = YES;
				CLANG_WARN__DUPLICATE_METHOD_MATCH = YES;
				COPY_PHASE_STRIP = NO;
				DEBUG_INFORMATION_FORMAT = dwarf;
				ENABLE_STRICT_OBJC_MSGSEND = YES;
				ENABLE_TESTABILITY = YES;
				GCC_C_LANGUAGE_STANDARD = gnu11;
				GCC_DYNAMIC_NO_PIC = NO;
				GCC_NO_COMMON_BLOCKS = YES;
				GCC_OPTIMIZATION_LEVEL = 0;
				GCC_PREPROCESSOR_DEFINITIONS = (
					"DEBUG=1",
					"$(inherited)",
				);
				GCC_WARN_64_TO_32_BIT_CONVERSION = YES;
				GCC_WARN_ABOUT_RETURN_TYPE = YES_ERROR;
				GCC_WARN_UNDECLARED_SELECTOR = YES;
				GCC_WARN_UNINITIALIZED_AUTOS = YES_AGGRESSIVE;
				GCC_WARN_UNUSED_FUNCTION = YES;
				GCC_WARN_UNUSED_VARIABLE = YES;
				IPHONEOS_DEPLOYMENT_TARGET = 15.0;
				MTL_ENABLE_DEBUG_INFO = INCLUDE_SOURCE;
				MTL_FAST_MATH = YES;
				ONLY_ACTIVE_ARCH = YES;
				SDKROOT = iphoneos;
				SWIFT_ACTIVE_COMPILATION_CONDITIONS = DEBUG;
				SWIFT_OPTIMIZATION_LEVEL = "-Onone";
			};
			name = Debug;
		};
		CFD05A4526FC2D8C007C1A04 /* Release */ = {
			isa = XCBuildConfiguration;
			buildSettings = {
				ALWAYS_SEARCH_USER_PATHS = NO;
				CLANG_ANALYZER_NONNULL = YES;
				CLANG_ANALYZER_NUMBER_OBJECT_CONVERSION = YES_AGGRESSIVE;
				CLANG_CXX_LANGUAGE_STANDARD = "gnu++17";
				CLANG_CXX_LIBRARY = "libc++";
				CLANG_ENABLE_MODULES = YES;
				CLANG_ENABLE_OBJC_ARC = YES;
				CLANG_ENABLE_OBJC_WEAK = YES;
				CLANG_WARN_BLOCK_CAPTURE_AUTORELEASING = YES;
				CLANG_WARN_BOOL_CONVERSION = YES;
				CLANG_WARN_COMMA = YES;
				CLANG_WARN_CONSTANT_CONVERSION = YES;
				CLANG_WARN_DEPRECATED_OBJC_IMPLEMENTATIONS = YES;
				CLANG_WARN_DIRECT_OBJC_ISA_USAGE = YES_ERROR;
				CLANG_WARN_DOCUMENTATION_COMMENTS = YES;
				CLANG_WARN_EMPTY_BODY = YES;
				CLANG_WARN_ENUM_CONVERSION = YES;
				CLANG_WARN_INFINITE_RECURSION = YES;
				CLANG_WARN_INT_CONVERSION = YES;
				CLANG_WARN_NON_LITERAL_NULL_CONVERSION = YES;
				CLANG_WARN_OBJC_IMPLICIT_RETAIN_SELF = YES;
				CLANG_WARN_OBJC_LITERAL_CONVERSION = YES;
				CLANG_WARN_OBJC_ROOT_CLASS = YES_ERROR;
				CLANG_WARN_QUOTED_INCLUDE_IN_FRAMEWORK_HEADER = YES;
				CLANG_WARN_RANGE_LOOP_ANALYSIS = YES;
				CLANG_WARN_STRICT_PROTOTYPES = YES;
				CLANG_WARN_SUSPICIOUS_MOVE = YES;
				CLANG_WARN_UNGUARDED_AVAILABILITY = YES_AGGRESSIVE;
				CLANG_WARN_UNREACHABLE_CODE = YES;
				CLANG_WARN__DUPLICATE_METHOD_MATCH = YES;
				COPY_PHASE_STRIP = NO;
				DEBUG_INFORMATION_FORMAT = "dwarf-with-dsym";
				ENABLE_NS_ASSERTIONS = NO;
				ENABLE_STRICT_OBJC_MSGSEND = YES;
				GCC_C_LANGUAGE_STANDARD = gnu11;
				GCC_NO_COMMON_BLOCKS = YES;
				GCC_WARN_64_TO_32_BIT_CONVERSION = YES;
				GCC_WARN_ABOUT_RETURN_TYPE = YES_ERROR;
				GCC_WARN_UNDECLARED_SELECTOR = YES;
				GCC_WARN_UNINITIALIZED_AUTOS = YES_AGGRESSIVE;
				GCC_WARN_UNUSED_FUNCTION = YES;
				GCC_WARN_UNUSED_VARIABLE = YES;
				IPHONEOS_DEPLOYMENT_TARGET = 15.0;
				MTL_ENABLE_DEBUG_INFO = NO;
				MTL_FAST_MATH = YES;
				SDKROOT = iphoneos;
				SWIFT_COMPILATION_MODE = wholemodule;
				SWIFT_OPTIMIZATION_LEVEL = "-O";
				VALIDATE_PRODUCT = YES;
			};
			name = Release;
		};
		CFD05A4726FC2D8C007C1A04 /* Debug */ = {
			isa = XCBuildConfiguration;
			buildSettings = {
				ASSETCATALOG_COMPILER_APPICON_NAME = AppIcon;
				ASSETCATALOG_COMPILER_GLOBAL_ACCENT_COLOR_NAME = AccentColor;
				CODE_SIGN_STYLE = Automatic;
				CURRENT_PROJECT_VERSION = 1;
				DEVELOPMENT_TEAM = XS2R7967QT;
				GENERATE_INFOPLIST_FILE = YES;
				INFOPLIST_FILE = sidemenuintro/Info.plist;
				INFOPLIST_KEY_UIApplicationSupportsIndirectInputEvents = YES;
				INFOPLIST_KEY_UILaunchStoryboardName = LaunchScreen;
				INFOPLIST_KEY_UIMainStoryboardFile = Main;
				INFOPLIST_KEY_UISupportedInterfaceOrientations_iPad = "UIInterfaceOrientationPortrait UIInterfaceOrientationPortraitUpsideDown UIInterfaceOrientationLandscapeLeft UIInterfaceOrientationLandscapeRight";
				INFOPLIST_KEY_UISupportedInterfaceOrientations_iPhone = "UIInterfaceOrientationPortrait UIInterfaceOrientationLandscapeLeft UIInterfaceOrientationLandscapeRight";
				LD_RUNPATH_SEARCH_PATHS = (
					"$(inherited)",
					"@executable_path/Frameworks",
				);
				MARKETING_VERSION = 1.0;
				PRODUCT_BUNDLE_IDENTIFIER = cow.iwaski.sidemenuintro;
				PRODUCT_NAME = "$(TARGET_NAME)";
				SWIFT_EMIT_LOC_STRINGS = YES;
				SWIFT_VERSION = 5.0;
				TARGETED_DEVICE_FAMILY = "1,2";
			};
			name = Debug;
		};
		CFD05A4826FC2D8C007C1A04 /* Release */ = {
			isa = XCBuildConfiguration;
			buildSettings = {
				ASSETCATALOG_COMPILER_APPICON_NAME = AppIcon;
				ASSETCATALOG_COMPILER_GLOBAL_ACCENT_COLOR_NAME = AccentColor;
				CODE_SIGN_STYLE = Automatic;
				CURRENT_PROJECT_VERSION = 1;
				DEVELOPMENT_TEAM = XS2R7967QT;
				GENERATE_INFOPLIST_FILE = YES;
				INFOPLIST_FILE = sidemenuintro/Info.plist;
				INFOPLIST_KEY_UIApplicationSupportsIndirectInputEvents = YES;
				INFOPLIST_KEY_UILaunchStoryboardName = LaunchScreen;
				INFOPLIST_KEY_UIMainStoryboardFile = Main;
				INFOPLIST_KEY_UISupportedInterfaceOrientations_iPad = "UIInterfaceOrientationPortrait UIInterfaceOrientationPortraitUpsideDown UIInterfaceOrientationLandscapeLeft UIInterfaceOrientationLandscapeRight";
				INFOPLIST_KEY_UISupportedInterfaceOrientations_iPhone = "UIInterfaceOrientationPortrait UIInterfaceOrientationLandscapeLeft UIInterfaceOrientationLandscapeRight";
				LD_RUNPATH_SEARCH_PATHS = (
					"$(inherited)",
					"@executable_path/Frameworks",
				);
				MARKETING_VERSION = 1.0;
				PRODUCT_BUNDLE_IDENTIFIER = cow.iwaski.sidemenuintro;
				PRODUCT_NAME = "$(TARGET_NAME)";
				SWIFT_EMIT_LOC_STRINGS = YES;
				SWIFT_VERSION = 5.0;
				TARGETED_DEVICE_FAMILY = "1,2";
			};
			name = Release;
		};
		CFD05A4A26FC2D8C007C1A04 /* Debug */ = {
			isa = XCBuildConfiguration;
			buildSettings = {
				ALWAYS_EMBED_SWIFT_STANDARD_LIBRARIES = YES;
				BUNDLE_LOADER = "$(TEST_HOST)";
				CODE_SIGN_STYLE = Automatic;
				CURRENT_PROJECT_VERSION = 1;
				DEVELOPMENT_TEAM = XS2R7967QT;
				GENERATE_INFOPLIST_FILE = YES;
				IPHONEOS_DEPLOYMENT_TARGET = 15.0;
				LD_RUNPATH_SEARCH_PATHS = (
					"$(inherited)",
					"@executable_path/Frameworks",
					"@loader_path/Frameworks",
				);
				MARKETING_VERSION = 1.0;
				PRODUCT_BUNDLE_IDENTIFIER = cow.iwaski.sidemenuintroTests;
				PRODUCT_NAME = "$(TARGET_NAME)";
				SWIFT_EMIT_LOC_STRINGS = NO;
				SWIFT_VERSION = 5.0;
				TARGETED_DEVICE_FAMILY = "1,2";
				TEST_HOST = "$(BUILT_PRODUCTS_DIR)/sidemenuintro.app/sidemenuintro";
			};
			name = Debug;
		};
		CFD05A4B26FC2D8C007C1A04 /* Release */ = {
			isa = XCBuildConfiguration;
			buildSettings = {
				ALWAYS_EMBED_SWIFT_STANDARD_LIBRARIES = YES;
				BUNDLE_LOADER = "$(TEST_HOST)";
				CODE_SIGN_STYLE = Automatic;
				CURRENT_PROJECT_VERSION = 1;
				DEVELOPMENT_TEAM = XS2R7967QT;
				GENERATE_INFOPLIST_FILE = YES;
				IPHONEOS_DEPLOYMENT_TARGET = 15.0;
				LD_RUNPATH_SEARCH_PATHS = (
					"$(inherited)",
					"@executable_path/Frameworks",
					"@loader_path/Frameworks",
				);
				MARKETING_VERSION = 1.0;
				PRODUCT_BUNDLE_IDENTIFIER = cow.iwaski.sidemenuintroTests;
				PRODUCT_NAME = "$(TARGET_NAME)";
				SWIFT_EMIT_LOC_STRINGS = NO;
				SWIFT_VERSION = 5.0;
				TARGETED_DEVICE_FAMILY = "1,2";
				TEST_HOST = "$(BUILT_PRODUCTS_DIR)/sidemenuintro.app/sidemenuintro";
			};
			name = Release;
		};
		CFD05A4D26FC2D8C007C1A04 /* Debug */ = {
			isa = XCBuildConfiguration;
			buildSettings = {
				ALWAYS_EMBED_SWIFT_STANDARD_LIBRARIES = YES;
				CODE_SIGN_STYLE = Automatic;
				CURRENT_PROJECT_VERSION = 1;
				DEVELOPMENT_TEAM = XS2R7967QT;
				GENERATE_INFOPLIST_FILE = YES;
				LD_RUNPATH_SEARCH_PATHS = (
					"$(inherited)",
					"@executable_path/Frameworks",
					"@loader_path/Frameworks",
				);
				MARKETING_VERSION = 1.0;
				PRODUCT_BUNDLE_IDENTIFIER = cow.iwaski.sidemenuintroUITests;
				PRODUCT_NAME = "$(TARGET_NAME)";
				SWIFT_EMIT_LOC_STRINGS = NO;
				SWIFT_VERSION = 5.0;
				TARGETED_DEVICE_FAMILY = "1,2";
				TEST_TARGET_NAME = sidemenuintro;
			};
			name = Debug;
		};
		CFD05A4E26FC2D8C007C1A04 /* Release */ = {
			isa = XCBuildConfiguration;
			buildSettings = {
				ALWAYS_EMBED_SWIFT_STANDARD_LIBRARIES = YES;
				CODE_SIGN_STYLE = Automatic;
				CURRENT_PROJECT_VERSION = 1;
				DEVELOPMENT_TEAM = XS2R7967QT;
				GENERATE_INFOPLIST_FILE = YES;
				LD_RUNPATH_SEARCH_PATHS = (
					"$(inherited)",
					"@executable_path/Frameworks",
					"@loader_path/Frameworks",
				);
				MARKETING_VERSION = 1.0;
				PRODUCT_BUNDLE_IDENTIFIER = cow.iwaski.sidemenuintroUITests;
				PRODUCT_NAME = "$(TARGET_NAME)";
				SWIFT_EMIT_LOC_STRINGS = NO;
				SWIFT_VERSION = 5.0;
				TARGETED_DEVICE_FAMILY = "1,2";
				TEST_TARGET_NAME = sidemenuintro;
			};
			name = Release;
		};
/* End XCBuildConfiguration section */

/* Begin XCConfigurationList section */
		CFD05A1726FC2D8A007C1A04 /* Build configuration list for PBXProject "sidemenuintro" */ = {
			isa = XCConfigurationList;
			buildConfigurations = (
				CFD05A4426FC2D8C007C1A04 /* Debug */,
				CFD05A4526FC2D8C007C1A04 /* Release */,
			);
			defaultConfigurationIsVisible = 0;
			defaultConfigurationName = Release;
		};
		CFD05A4626FC2D8C007C1A04 /* Build configuration list for PBXNativeTarget "sidemenuintro" */ = {
			isa = XCConfigurationList;
			buildConfigurations = (
				CFD05A4726FC2D8C007C1A04 /* Debug */,
				CFD05A4826FC2D8C007C1A04 /* Release */,
			);
			defaultConfigurationIsVisible = 0;
			defaultConfigurationName = Release;
		};
		CFD05A4926FC2D8C007C1A04 /* Build configuration list for PBXNativeTarget "sidemenuintroTests" */ = {
			isa = XCConfigurationList;
			buildConfigurations = (
				CFD05A4A26FC2D8C007C1A04 /* Debug */,
				CFD05A4B26FC2D8C007C1A04 /* Release */,
			);
			defaultConfigurationIsVisible = 0;
			defaultConfigurationName = Release;
		};
		CFD05A4C26FC2D8C007C1A04 /* Build configuration list for PBXNativeTarget "sidemenuintroUITests" */ = {
			isa = XCConfigurationList;
			buildConfigurations = (
				CFD05A4D26FC2D8C007C1A04 /* Debug */,
				CFD05A4E26FC2D8C007C1A04 /* Release */,
			);
			defaultConfigurationIsVisible = 0;
			defaultConfigurationName = Release;
		};
/* End XCConfigurationList section */
	};
	rootObject = CFD05A1426FC2D8A007C1A04 /* Project object */;
}
